
Microsoft Visual Studio Solution File, Format Version 12.00
# Visual Studio Version 17
VisualStudioVersion = 17.11.35303.130
MinimumVisualStudioVersion = 10.0.40219.1
Project("{2150E333-8FDC-42A3-9474-1A3956D46DE8}") = "Task0", "Task0", "{EEBC89BD-87D8-4026-94A6-D943AEB78CA5}"
EndProject
Project("{2150E333-8FDC-42A3-9474-1A3956D46DE8}") = "Task1", "Task1", "{FD7238F9-3599-433D-AADC-8A0CF6A366C3}"
EndProject
Project("{2150E333-8FDC-42A3-9474-1A3956D46DE8}") = "Task2", "Task2", "{69DDF4F2-43CE-4ACF-B0B0-925DACFE777C}"
EndProject
Project("{2150E333-8FDC-42A3-9474-1A3956D46DE8}") = "Task3", "Task3", "{D440CEA7-C4B4-4E7D-82DC-B30EB2E91200}"
EndProject
Project("{2150E333-8FDC-42A3-9474-1A3956D46DE8}") = "Task4", "Task4", "{894F4689-81A4-4E31-9557-B166D6E857EE}"
EndProject
Project("{2150E333-8FDC-42A3-9474-1A3956D46DE8}") = "Task5", "Task5", "{A86B08C1-40DA-449B-9DC4-F7A5D4D54855}"
EndProject
Project("{2150E333-8FDC-42A3-9474-1A3956D46DE8}") = "Task6", "Task6", "{E81A9586-157E-44F1-B53F-8CD522EC6A17}"
EndProject
Project("{2150E333-8FDC-42A3-9474-1A3956D46DE8}") = "Task7", "Task7", "{D8CD4C2F-24D3-4940-81C4-EBE2284AC5C4}"
EndProject
Project("{FAE04EC0-301F-11D3-BF4B-00C04F79EFBC}") = "Tyuiu.GrebenschikovAA.Sprint4.Task0.V27.Lib", "Tyuiu.GrebenschikovAA.Sprint4.Task0.V27.Lib\Tyuiu.GrebenschikovAA.Sprint4.Task0.V27.Lib.csproj", "{0D50CA22-4B43-46E6-9730-15CCA60C0CD6}"
EndProject
Project("{FAE04EC0-301F-11D3-BF4B-00C04F79EFBC}") = "Tyuiu.GrebenschikovAA.Sprint4.Task0.V27", "Tyuiu.GrebenschikovAA.Sprint4.Task0.V27\Tyuiu.GrebenschikovAA.Sprint4.Task0.V27.csproj", "{AD6E1A57-4751-4265-B4AE-0611710A2A65}"
EndProject
Project("{FAE04EC0-301F-11D3-BF4B-00C04F79EFBC}") = "Tyuiu.GrebenschikovAA.Sprint4.Task0.V27.Test", "Tyuiu.GrebenschikovAA.Sprint4.Task0.V27.Test\Tyuiu.GrebenschikovAA.Sprint4.Task0.V27.Test.csproj", "{34464590-2AB5-4548-88A4-B29A8D3B4ABE}"
EndProject
Project("{FAE04EC0-301F-11D3-BF4B-00C04F79EFBC}") = "Tyuiu.GrebenschikovAA.Sprint4.Task1.V1.Test", "Tyuiu.GrebenschikovAA.Sprint4.Task1.V1.Test\Tyuiu.GrebenschikovAA.Sprint4.Task1.V1.Test.csproj", "{524A9F4F-BE0B-482B-BF85-8887959F4AEF}"
EndProject
Project("{FAE04EC0-301F-11D3-BF4B-00C04F79EFBC}") = "Tyuiu.GrebenschikovAA.Sprint4.Task1.V1", "Tyuiu.GrebenschikovAA.Sprint4.Task1.V1\Tyuiu.GrebenschikovAA.Sprint4.Task1.V1.csproj", "{0C5E180D-AE21-4AD2-BC17-8170F287E361}"
EndProject
Project("{FAE04EC0-301F-11D3-BF4B-00C04F79EFBC}") = "Tyuiu.GrebenschikovAA.Sprint4.Task1.V1.Lib", "Tyuiu.GrebenschikovAA.Sprint4.Task1.V1.Lib\Tyuiu.GrebenschikovAA.Sprint4.Task1.V1.Lib.csproj", "{DC175F47-F025-4DF6-92E0-1A74E462F2A2}"
EndProject
Project("{FAE04EC0-301F-11D3-BF4B-00C04F79EFBC}") = "Tyuiu.GrebenschikovAA.Sprint4.Task2.V21.Lib", "Tyuiu.GrebenschikovAA.Sprint4.Task2.V21.Lib\Tyuiu.GrebenschikovAA.Sprint4.Task2.V21.Lib.csproj", "{D34D8D90-4B7C-4BC3-921D-4BDCB3087637}"
EndProject
Project("{FAE04EC0-301F-11D3-BF4B-00C04F79EFBC}") = "Tyuiu.GrebenschikovAA.Sprint4.Task2.V21", "Tyuiu.GrebenschikovAA.Sprint4.Task2.V21\Tyuiu.GrebenschikovAA.Sprint4.Task2.V21.csproj", "{B67EEEEA-99FD-4890-AAFA-B06E859F7B42}"
EndProject
Project("{FAE04EC0-301F-11D3-BF4B-00C04F79EFBC}") = "Tyuiu.GrebenschikovAA.Sprint4.Task2.V21.Test", "Tyuiu.GrebenschikovAA.Sprint4.Task2.V21.Test\Tyuiu.GrebenschikovAA.Sprint4.Task2.V21.Test.csproj", "{271AEA61-DA89-4437-92AB-0B3A9B56E120}"
EndProject
Project("{FAE04EC0-301F-11D3-BF4B-00C04F79EFBC}") = "Tyuiu.GrebenschikovAA.Sprint4.Task3.V8.Test", "Tyuiu.GrebenschikovAA.Sprint4.Task3.V8.Test\Tyuiu.GrebenschikovAA.Sprint4.Task3.V8.Test.csproj", "{F8335792-4222-4C31-812C-A8CEE1B9639F}"
EndProject
Project("{FAE04EC0-301F-11D3-BF4B-00C04F79EFBC}") = "Tyuiu.GrebenschikovAA.Sprint4.Task3.V8", "Tyuiu.GrebenschikovAA.Sprint4.Task3.V8\Tyuiu.GrebenschikovAA.Sprint4.Task3.V8.csproj", "{F032D468-A1AF-4919-880E-001DEBD9FFB4}"
EndProject
Project("{FAE04EC0-301F-11D3-BF4B-00C04F79EFBC}") = "Tyuiu.GrebenschikovAA.Sprint4.Task3.V8.Lib", "Tyuiu.GrebenschikovAA.Sprint4.Task3.V8.Lib\Tyuiu.GrebenschikovAA.Sprint4.Task3.V8.Lib.csproj", "{10BF7054-2AE5-47E5-B5ED-5B58789B8A98}"
EndProject
Project("{FAE04EC0-301F-11D3-BF4B-00C04F79EFBC}") = "Tyuiu.GrebenschikovAA.Sprint4.Task4.V3.Lib", "Tyuiu.GrebenschikovAA.Sprint4.Task4.V3.Lib\Tyuiu.GrebenschikovAA.Sprint4.Task4.V3.Lib.csproj", "{F7FB1EF4-68BC-463E-81D3-018A76E95F96}"
EndProject
Project("{FAE04EC0-301F-11D3-BF4B-00C04F79EFBC}") = "Tyuiu.GrebenschikovAA.Sprint4.Task4.V3", "Tyuiu.GrebenschikovAA.Sprint4.Task4.V3\Tyuiu.GrebenschikovAA.Sprint4.Task4.V3.csproj", "{49917971-884F-4F4B-8336-B00B2079137C}"
EndProject
Project("{FAE04EC0-301F-11D3-BF4B-00C04F79EFBC}") = "Tyuiu.GrebenschikovAA.Sprint4.Task4.V3.Test", "Tyuiu.GrebenschikovAA.Sprint4.Task4.V3.Test\Tyuiu.GrebenschikovAA.Sprint4.Task4.V3.Test.csproj", "{E05D2783-FD3C-4AFD-A330-3777096341FA}"
EndProject
Project("{FAE04EC0-301F-11D3-BF4B-00C04F79EFBC}") = "Tyuiu.GrebenschikovAA.Sprint4.Task5.V13.Test", "Tyuiu.GrebenschikovAA.Sprint4.Task5.V13.Test\Tyuiu.GrebenschikovAA.Sprint4.Task5.V13.Test.csproj", "{86799256-F911-42E3-900D-6A2C0AC8A442}"
EndProject
Project("{FAE04EC0-301F-11D3-BF4B-00C04F79EFBC}") = "Tyuiu.GrebenschikovAA.Sprint4.Task5.V13", "Tyuiu.GrebenschikovAA.Sprint4.Task5.V13\Tyuiu.GrebenschikovAA.Sprint4.Task5.V13.csproj", "{F5B59E05-637F-4CE2-B469-71F5B05EFA9A}"
EndProject
Project("{FAE04EC0-301F-11D3-BF4B-00C04F79EFBC}") = "Tyuiu.GrebenschikovAA.Sprint4.Task5.V13.Lib", "Tyuiu.GrebenschikovAA.Sprint4.Task5.V13.Lib\Tyuiu.GrebenschikovAA.Sprint4.Task5.V13.Lib.csproj", "{29868EB5-229F-421F-94C3-26BE71931B9A}"
EndProject
Project("{FAE04EC0-301F-11D3-BF4B-00C04F79EFBC}") = "Tyuiu.GrebenschikovAA.Sprint4.Task6.V3.Lib", "Tyuiu.GrebenschikovAA.Sprint4.Task6.V3.Lib\Tyuiu.GrebenschikovAA.Sprint4.Task6.V3.Lib.csproj", "{02235ABC-5591-4E40-BCEC-F278F604B61B}"
EndProject
Project("{FAE04EC0-301F-11D3-BF4B-00C04F79EFBC}") = "Tyuiu.GrebenschikovAA.Sprint4.Task6.V3", "Tyuiu.GrebenschikovAA.Sprint4.Task6.V3\Tyuiu.GrebenschikovAA.Sprint4.Task6.V3.csproj", "{0A8B8809-E33B-4127-8D56-C486B62DA4FD}"
EndProject
Project("{FAE04EC0-301F-11D3-BF4B-00C04F79EFBC}") = "Tyuiu.GrebenschikovAA.Sprint4.Task6.V3.Test", "Tyuiu.GrebenschikovAA.Sprint4.Task6.V3.Test\Tyuiu.GrebenschikovAA.Sprint4.Task6.V3.Test.csproj", "{6B11D0EA-B642-4AD3-A21C-1C531794617D}"
EndProject
Project("{FAE04EC0-301F-11D3-BF4B-00C04F79EFBC}") = "Tyuiu.GrebenschikovAA.Sprint4.Task7.V18.Lib", "Tyuiu.GrebenschikovAA.Sprint4.Task7.V18.Lib\Tyuiu.GrebenschikovAA.Sprint4.Task7.V18.Lib.csproj", "{67A4F01E-7E07-435F-8F7F-1975D8E0040B}"
EndProject
Project("{FAE04EC0-301F-11D3-BF4B-00C04F79EFBC}") = "Tyuiu.GrebenschikovAA.Sprint4.Task7.V18.Test", "Tyuiu.GrebenschikovAA.Sprint4.Task7.V18.Test\Tyuiu.GrebenschikovAA.Sprint4.Task7.V18.Test.csproj", "{37F31FF6-5F7F-4F06-A9E3-2BB7E836986C}"
EndProject
Project("{FAE04EC0-301F-11D3-BF4B-00C04F79EFBC}") = "Tyuiu.GrebenschikovAA.Sprint4.Task7.V18", "Tyuiu.GrebenschikovAA.Sprint4.Task7.V18\Tyuiu.GrebenschikovAA.Sprint4.Task7.V18.csproj", "{F17732EC-E21A-42E2-8409-21FE3ADC8B1D}"
EndProject
Global
	GlobalSection(SolutionConfigurationPlatforms) = preSolution
		Debug|Any CPU = Debug|Any CPU
		Release|Any CPU = Release|Any CPU
	EndGlobalSection
	GlobalSection(ProjectConfigurationPlatforms) = postSolution
		{0D50CA22-4B43-46E6-9730-15CCA60C0CD6}.Debug|Any CPU.ActiveCfg = Debug|Any CPU
		{0D50CA22-4B43-46E6-9730-15CCA60C0CD6}.Debug|Any CPU.Build.0 = Debug|Any CPU
		{0D50CA22-4B43-46E6-9730-15CCA60C0CD6}.Release|Any CPU.ActiveCfg = Release|Any CPU
		{0D50CA22-4B43-46E6-9730-15CCA60C0CD6}.Release|Any CPU.Build.0 = Release|Any CPU
		{AD6E1A57-4751-4265-B4AE-0611710A2A65}.Debug|Any CPU.ActiveCfg = Debug|Any CPU
		{AD6E1A57-4751-4265-B4AE-0611710A2A65}.Debug|Any CPU.Build.0 = Debug|Any CPU
		{AD6E1A57-4751-4265-B4AE-0611710A2A65}.Release|Any CPU.ActiveCfg = Release|Any CPU
		{AD6E1A57-4751-4265-B4AE-0611710A2A65}.Release|Any CPU.Build.0 = Release|Any CPU
		{34464590-2AB5-4548-88A4-B29A8D3B4ABE}.Debug|Any CPU.ActiveCfg = Debug|Any CPU
		{34464590-2AB5-4548-88A4-B29A8D3B4ABE}.Debug|Any CPU.Build.0 = Debug|Any CPU
		{34464590-2AB5-4548-88A4-B29A8D3B4ABE}.Release|Any CPU.ActiveCfg = Release|Any CPU
		{34464590-2AB5-4548-88A4-B29A8D3B4ABE}.Release|Any CPU.Build.0 = Release|Any CPU
		{524A9F4F-BE0B-482B-BF85-8887959F4AEF}.Debug|Any CPU.ActiveCfg = Debug|Any CPU
		{524A9F4F-BE0B-482B-BF85-8887959F4AEF}.Debug|Any CPU.Build.0 = Debug|Any CPU
		{524A9F4F-BE0B-482B-BF85-8887959F4AEF}.Release|Any CPU.ActiveCfg = Release|Any CPU
		{524A9F4F-BE0B-482B-BF85-8887959F4AEF}.Release|Any CPU.Build.0 = Release|Any CPU
		{0C5E180D-AE21-4AD2-BC17-8170F287E361}.Debug|Any CPU.ActiveCfg = Debug|Any CPU
		{0C5E180D-AE21-4AD2-BC17-8170F287E361}.Debug|Any CPU.Build.0 = Debug|Any CPU
		{0C5E180D-AE21-4AD2-BC17-8170F287E361}.Release|Any CPU.ActiveCfg = Release|Any CPU
		{0C5E180D-AE21-4AD2-BC17-8170F287E361}.Release|Any CPU.Build.0 = Release|Any CPU
		{DC175F47-F025-4DF6-92E0-1A74E462F2A2}.Debug|Any CPU.ActiveCfg = Debug|Any CPU
		{DC175F47-F025-4DF6-92E0-1A74E462F2A2}.Debug|Any CPU.Build.0 = Debug|Any CPU
		{DC175F47-F025-4DF6-92E0-1A74E462F2A2}.Release|Any CPU.ActiveCfg = Release|Any CPU
		{DC175F47-F025-4DF6-92E0-1A74E462F2A2}.Release|Any CPU.Build.0 = Release|Any CPU
		{D34D8D90-4B7C-4BC3-921D-4BDCB3087637}.Debug|Any CPU.ActiveCfg = Debug|Any CPU
		{D34D8D90-4B7C-4BC3-921D-4BDCB3087637}.Debug|Any CPU.Build.0 = Debug|Any CPU
		{D34D8D90-4B7C-4BC3-921D-4BDCB3087637}.Release|Any CPU.ActiveCfg = Release|Any CPU
		{D34D8D90-4B7C-4BC3-921D-4BDCB3087637}.Release|Any CPU.Build.0 = Release|Any CPU
		{B67EEEEA-99FD-4890-AAFA-B06E859F7B42}.Debug|Any CPU.ActiveCfg = Debug|Any CPU
		{B67EEEEA-99FD-4890-AAFA-B06E859F7B42}.Debug|Any CPU.Build.0 = Debug|Any CPU
		{B67EEEEA-99FD-4890-AAFA-B06E859F7B42}.Release|Any CPU.ActiveCfg = Release|Any CPU
		{B67EEEEA-99FD-4890-AAFA-B06E859F7B42}.Release|Any CPU.Build.0 = Release|Any CPU
		{271AEA61-DA89-4437-92AB-0B3A9B56E120}.Debug|Any CPU.ActiveCfg = Debug|Any CPU
		{271AEA61-DA89-4437-92AB-0B3A9B56E120}.Debug|Any CPU.Build.0 = Debug|Any CPU
		{271AEA61-DA89-4437-92AB-0B3A9B56E120}.Release|Any CPU.ActiveCfg = Release|Any CPU
		{271AEA61-DA89-4437-92AB-0B3A9B56E120}.Release|Any CPU.Build.0 = Release|Any CPU
		{F8335792-4222-4C31-812C-A8CEE1B9639F}.Debug|Any CPU.ActiveCfg = Debug|Any CPU
		{F8335792-4222-4C31-812C-A8CEE1B9639F}.Debug|Any CPU.Build.0 = Debug|Any CPU
		{F8335792-4222-4C31-812C-A8CEE1B9639F}.Release|Any CPU.ActiveCfg = Release|Any CPU
		{F8335792-4222-4C31-812C-A8CEE1B9639F}.Release|Any CPU.Build.0 = Release|Any CPU
		{F032D468-A1AF-4919-880E-001DEBD9FFB4}.Debug|Any CPU.ActiveCfg = Debug|Any CPU
		{F032D468-A1AF-4919-880E-001DEBD9FFB4}.Debug|Any CPU.Build.0 = Debug|Any CPU
		{F032D468-A1AF-4919-880E-001DEBD9FFB4}.Release|Any CPU.ActiveCfg = Release|Any CPU
		{F032D468-A1AF-4919-880E-001DEBD9FFB4}.Release|Any CPU.Build.0 = Release|Any CPU
		{10BF7054-2AE5-47E5-B5ED-5B58789B8A98}.Debug|Any CPU.ActiveCfg = Debug|Any CPU
		{10BF7054-2AE5-47E5-B5ED-5B58789B8A98}.Debug|Any CPU.Build.0 = Debug|Any CPU
		{10BF7054-2AE5-47E5-B5ED-5B58789B8A98}.Release|Any CPU.ActiveCfg = Release|Any CPU
		{10BF7054-2AE5-47E5-B5ED-5B58789B8A98}.Release|Any CPU.Build.0 = Release|Any CPU
		{F7FB1EF4-68BC-463E-81D3-018A76E95F96}.Debug|Any CPU.ActiveCfg = Debug|Any CPU
		{F7FB1EF4-68BC-463E-81D3-018A76E95F96}.Debug|Any CPU.Build.0 = Debug|Any CPU
		{F7FB1EF4-68BC-463E-81D3-018A76E95F96}.Release|Any CPU.ActiveCfg = Release|Any CPU
		{F7FB1EF4-68BC-463E-81D3-018A76E95F96}.Release|Any CPU.Build.0 = Release|Any CPU
		{49917971-884F-4F4B-8336-B00B2079137C}.Debug|Any CPU.ActiveCfg = Debug|Any CPU
		{49917971-884F-4F4B-8336-B00B2079137C}.Debug|Any CPU.Build.0 = Debug|Any CPU
		{49917971-884F-4F4B-8336-B00B2079137C}.Release|Any CPU.ActiveCfg = Release|Any CPU
		{49917971-884F-4F4B-8336-B00B2079137C}.Release|Any CPU.Build.0 = Release|Any CPU
		{E05D2783-FD3C-4AFD-A330-3777096341FA}.Debug|Any CPU.ActiveCfg = Debug|Any CPU
		{E05D2783-FD3C-4AFD-A330-3777096341FA}.Debug|Any CPU.Build.0 = Debug|Any CPU
		{E05D2783-FD3C-4AFD-A330-3777096341FA}.Release|Any CPU.ActiveCfg = Release|Any CPU
		{E05D2783-FD3C-4AFD-A330-3777096341FA}.Release|Any CPU.Build.0 = Release|Any CPU
		{86799256-F911-42E3-900D-6A2C0AC8A442}.Debug|Any CPU.ActiveCfg = Debug|Any CPU
		{86799256-F911-42E3-900D-6A2C0AC8A442}.Debug|Any CPU.Build.0 = Debug|Any CPU
		{86799256-F911-42E3-900D-6A2C0AC8A442}.Release|Any CPU.ActiveCfg = Release|Any CPU
		{86799256-F911-42E3-900D-6A2C0AC8A442}.Release|Any CPU.Build.0 = Release|Any CPU
		{F5B59E05-637F-4CE2-B469-71F5B05EFA9A}.Debug|Any CPU.ActiveCfg = Debug|Any CPU
		{F5B59E05-637F-4CE2-B469-71F5B05EFA9A}.Debug|Any CPU.Build.0 = Debug|Any CPU
		{F5B59E05-637F-4CE2-B469-71F5B05EFA9A}.Release|Any CPU.ActiveCfg = Release|Any CPU
		{F5B59E05-637F-4CE2-B469-71F5B05EFA9A}.Release|Any CPU.Build.0 = Release|Any CPU
		{29868EB5-229F-421F-94C3-26BE71931B9A}.Debug|Any CPU.ActiveCfg = Debug|Any CPU
		{29868EB5-229F-421F-94C3-26BE71931B9A}.Debug|Any CPU.Build.0 = Debug|Any CPU
		{29868EB5-229F-421F-94C3-26BE71931B9A}.Release|Any CPU.ActiveCfg = Release|Any CPU
		{29868EB5-229F-421F-94C3-26BE71931B9A}.Release|Any CPU.Build.0 = Release|Any CPU
		{02235ABC-5591-4E40-BCEC-F278F604B61B}.Debug|Any CPU.ActiveCfg = Debug|Any CPU
		{02235ABC-5591-4E40-BCEC-F278F604B61B}.Debug|Any CPU.Build.0 = Debug|Any CPU
		{02235ABC-5591-4E40-BCEC-F278F604B61B}.Release|Any CPU.ActiveCfg = Release|Any CPU
		{02235ABC-5591-4E40-BCEC-F278F604B61B}.Release|Any CPU.Build.0 = Release|Any CPU
		{0A8B8809-E33B-4127-8D56-C486B62DA4FD}.Debug|Any CPU.ActiveCfg = Debug|Any CPU
		{0A8B8809-E33B-4127-8D56-C486B62DA4FD}.Debug|Any CPU.Build.0 = Debug|Any CPU
		{0A8B8809-E33B-4127-8D56-C486B62DA4FD}.Release|Any CPU.ActiveCfg = Release|Any CPU
		{0A8B8809-E33B-4127-8D56-C486B62DA4FD}.Release|Any CPU.Build.0 = Release|Any CPU
		{6B11D0EA-B642-4AD3-A21C-1C531794617D}.Debug|Any CPU.ActiveCfg = Debug|Any CPU
		{6B11D0EA-B642-4AD3-A21C-1C531794617D}.Debug|Any CPU.Build.0 = Debug|Any CPU
		{6B11D0EA-B642-4AD3-A21C-1C531794617D}.Release|Any CPU.ActiveCfg = Release|Any CPU
		{6B11D0EA-B642-4AD3-A21C-1C531794617D}.Release|Any CPU.Build.0 = Release|Any CPU
		{67A4F01E-7E07-435F-8F7F-1975D8E0040B}.Debug|Any CPU.ActiveCfg = Debug|Any CPU
		{67A4F01E-7E07-435F-8F7F-1975D8E0040B}.Debug|Any CPU.Build.0 = Debug|Any CPU
		{67A4F01E-7E07-435F-8F7F-1975D8E0040B}.Release|Any CPU.ActiveCfg = Release|Any CPU
		{67A4F01E-7E07-435F-8F7F-1975D8E0040B}.Release|Any CPU.Build.0 = Release|Any CPU
		{37F31FF6-5F7F-4F06-A9E3-2BB7E836986C}.Debug|Any CPU.ActiveCfg = Debug|Any CPU
		{37F31FF6-5F7F-4F06-A9E3-2BB7E836986C}.Debug|Any CPU.Build.0 = Debug|Any CPU
		{37F31FF6-5F7F-4F06-A9E3-2BB7E836986C}.Release|Any CPU.ActiveCfg = Release|Any CPU
		{37F31FF6-5F7F-4F06-A9E3-2BB7E836986C}.Release|Any CPU.Build.0 = Release|Any CPU
		{F17732EC-E21A-42E2-8409-21FE3ADC8B1D}.Debug|Any CPU.ActiveCfg = Debug|Any CPU
		{F17732EC-E21A-42E2-8409-21FE3ADC8B1D}.Debug|Any CPU.Build.0 = Debug|Any CPU
		{F17732EC-E21A-42E2-8409-21FE3ADC8B1D}.Release|Any CPU.ActiveCfg = Release|Any CPU
		{F17732EC-E21A-42E2-8409-21FE3ADC8B1D}.Release|Any CPU.Build.0 = Release|Any CPU
	EndGlobalSection
	GlobalSection(SolutionProperties) = preSolution
		HideSolutionNode = FALSE
	EndGlobalSection
	GlobalSection(NestedProjects) = preSolution
		{0D50CA22-4B43-46E6-9730-15CCA60C0CD6} = {EEBC89BD-87D8-4026-94A6-D943AEB78CA5}
		{AD6E1A57-4751-4265-B4AE-0611710A2A65} = {EEBC89BD-87D8-4026-94A6-D943AEB78CA5}
		{34464590-2AB5-4548-88A4-B29A8D3B4ABE} = {EEBC89BD-87D8-4026-94A6-D943AEB78CA5}
		{524A9F4F-BE0B-482B-BF85-8887959F4AEF} = {FD7238F9-3599-433D-AADC-8A0CF6A366C3}
		{0C5E180D-AE21-4AD2-BC17-8170F287E361} = {FD7238F9-3599-433D-AADC-8A0CF6A366C3}
		{DC175F47-F025-4DF6-92E0-1A74E462F2A2} = {FD7238F9-3599-433D-AADC-8A0CF6A366C3}
		{D34D8D90-4B7C-4BC3-921D-4BDCB3087637} = {69DDF4F2-43CE-4ACF-B0B0-925DACFE777C}
		{B67EEEEA-99FD-4890-AAFA-B06E859F7B42} = {69DDF4F2-43CE-4ACF-B0B0-925DACFE777C}
		{271AEA61-DA89-4437-92AB-0B3A9B56E120} = {69DDF4F2-43CE-4ACF-B0B0-925DACFE777C}
		{F8335792-4222-4C31-812C-A8CEE1B9639F} = {D440CEA7-C4B4-4E7D-82DC-B30EB2E91200}
		{F032D468-A1AF-4919-880E-001DEBD9FFB4} = {D440CEA7-C4B4-4E7D-82DC-B30EB2E91200}
		{10BF7054-2AE5-47E5-B5ED-5B58789B8A98} = {D440CEA7-C4B4-4E7D-82DC-B30EB2E91200}
		{F7FB1EF4-68BC-463E-81D3-018A76E95F96} = {894F4689-81A4-4E31-9557-B166D6E857EE}
		{49917971-884F-4F4B-8336-B00B2079137C} = {894F4689-81A4-4E31-9557-B166D6E857EE}
		{E05D2783-FD3C-4AFD-A330-3777096341FA} = {894F4689-81A4-4E31-9557-B166D6E857EE}
		{86799256-F911-42E3-900D-6A2C0AC8A442} = {A86B08C1-40DA-449B-9DC4-F7A5D4D54855}
		{F5B59E05-637F-4CE2-B469-71F5B05EFA9A} = {A86B08C1-40DA-449B-9DC4-F7A5D4D54855}
		{29868EB5-229F-421F-94C3-26BE71931B9A} = {A86B08C1-40DA-449B-9DC4-F7A5D4D54855}
		{02235ABC-5591-4E40-BCEC-F278F604B61B} = {E81A9586-157E-44F1-B53F-8CD522EC6A17}
		{0A8B8809-E33B-4127-8D56-C486B62DA4FD} = {E81A9586-157E-44F1-B53F-8CD522EC6A17}
		{6B11D0EA-B642-4AD3-A21C-1C531794617D} = {E81A9586-157E-44F1-B53F-8CD522EC6A17}
		{67A4F01E-7E07-435F-8F7F-1975D8E0040B} = {D8CD4C2F-24D3-4940-81C4-EBE2284AC5C4}
		{37F31FF6-5F7F-4F06-A9E3-2BB7E836986C} = {D8CD4C2F-24D3-4940-81C4-EBE2284AC5C4}
		{F17732EC-E21A-42E2-8409-21FE3ADC8B1D} = {D8CD4C2F-24D3-4940-81C4-EBE2284AC5C4}
	EndGlobalSection
	GlobalSection(ExtensibilityGlobals) = postSolution
		SolutionGuid = {00BE2A96-2DA2-4C60-970B-B24A86C751CF}
	EndGlobalSection
EndGlobal
